PODS:
  - IAPHelper (1.0.9)
  - SVProgressHUD (2.0.3)

DEPENDENCIES:
  - IAPHelper
  - SVProgressHUD

SPEC CHECKSUMS:
  IAPHelper: e994287a6ab3cf6169efb4a09f7207d4dc413acf
  SVProgressHUD: b0830714205bea1317ea1a2ebc71e5633af334d4

PODFILE CHECKSUM: bcb8a0bf5571315f70bf50fc1f0ee376a6e0d5d5

COCOAPODS: 1.1.0.rc.2
