PODS:
  - SVProgressHUD (2.0.3)
  - SwiftyStoreKit (0.5.1)

DEPENDENCIES:
  - SVProgressHUD
  - SwiftyStoreKit (from `git@github.com:bizz84/SwiftyStoreKit.git`, branch `master`)

EXTERNAL SOURCES:
  SwiftyStoreKit:
    :branch: master
    :git: git@github.com:bizz84/SwiftyStoreKit.git

CHECKOUT OPTIONS:
  SwiftyStoreKit:
    :commit: b1259d0c9570c8dbe88767b7b5ffd9fec6af2fc2
    :git: git@github.com:bizz84/SwiftyStoreKit.git

SPEC CHECKSUMS:
  SVProgressHUD: b0830714205bea1317ea1a2ebc71e5633af334d4
  SwiftyStoreKit: 53c63f91545a3778dc108f860a7414905ce40a63

PODFILE CHECKSUM: 925227c2e94dc4d579ec6c0b88add52fb2447a55

COCOAPODS: 1.1.0.rc.2
